// !$*UTF8*$!
{
	archiveVersion = 1;
	classes = {
	};
	objectVersion = 56;
	objects = {

/* Begin PBXBuildFile section */
		1624E29C2B92E99D00D73D26 /* TweetDetailView.swift in Sources */ = {isa = PBXBuildFile; fileRef = 1624E29B2B92E99D00D73D26 /* TweetDetailView.swift */; };
		1624E29E2B9334C200D73D26 /* TweetDetailViewModel.swift in Sources */ = {isa = PBXBuildFile; fileRef = 1624E29D2B9334C200D73D26 /* TweetDetailViewModel.swift */; };
		1624E2A02B9337B400D73D26 /* TweetDetailViewModelMapper.swift in Sources */ = {isa = PBXBuildFile; fileRef = 1624E29F2B9337B400D73D26 /* TweetDetailViewModelMapper.swift */; };
		1624E2A32B933F3D00D73D26 /* TweetDMMock.swift in Sources */ = {isa = PBXBuildFile; fileRef = 1624E2A22B933F3D00D73D26 /* TweetDMMock.swift */; };
		1624E2A62B935C5800D73D26 /* AsyncImageView.swift in Sources */ = {isa = PBXBuildFile; fileRef = 1624E2A52B935C5800D73D26 /* AsyncImageView.swift */; };
		1624E2AB2B936E2700D73D26 /* ScaledButtonStyle.swift in Sources */ = {isa = PBXBuildFile; fileRef = 1624E2AA2B936E2700D73D26 /* ScaledButtonStyle.swift */; };
		1624E2AE2B937B4C00D73D26 /* TweetContentText.swift in Sources */ = {isa = PBXBuildFile; fileRef = 1624E2AD2B937B4C00D73D26 /* TweetContentText.swift */; };
		1624E2B02B937C5B00D73D26 /* TweetContentTextModel.swift in Sources */ = {isa = PBXBuildFile; fileRef = 1624E2AF2B937C5B00D73D26 /* TweetContentTextModel.swift */; };
		1624E2B22B937E7400D73D26 /* TweetContentTextModelMapper.swift in Sources */ = {isa = PBXBuildFile; fileRef = 1624E2B12B937E7400D73D26 /* TweetContentTextModelMapper.swift */; };
		16F844882B91B2D700FF38D0 /* OpenTweetApp.swift in Sources */ = {isa = PBXBuildFile; fileRef = 16F844872B91B2D700FF38D0 /* OpenTweetApp.swift */; };
		16F8448C2B91B2D900FF38D0 /* Assets.xcassets in Resources */ = {isa = PBXBuildFile; fileRef = 16F8448B2B91B2D900FF38D0 /* Assets.xcassets */; };
		16F8448F2B91B2D900FF38D0 /* Preview Assets.xcassets in Resources */ = {isa = PBXBuildFile; fileRef = 16F8448E2B91B2D900FF38D0 /* Preview Assets.xcassets */; };
		16F844992B91B2D900FF38D0 /* OpenTweetTests.swift in Sources */ = {isa = PBXBuildFile; fileRef = 16F844982B91B2D900FF38D0 /* OpenTweetTests.swift */; };
		16F844A32B91B2D900FF38D0 /* OpenTweetUITests.swift in Sources */ = {isa = PBXBuildFile; fileRef = 16F844A22B91B2D900FF38D0 /* OpenTweetUITests.swift */; };
		16F844A52B91B2D900FF38D0 /* OpenTweetUITestsLaunchTests.swift in Sources */ = {isa = PBXBuildFile; fileRef = 16F844A42B91B2D900FF38D0 /* OpenTweetUITestsLaunchTests.swift */; };
		16F844B32B91B32A00FF38D0 /* timeline.json in Resources */ = {isa = PBXBuildFile; fileRef = 16F844B22B91B32A00FF38D0 /* timeline.json */; };
		16F844B52B91B33100FF38D0 /* README.md in Resources */ = {isa = PBXBuildFile; fileRef = 16F844B42B91B33100FF38D0 /* README.md */; };
		16F844B82B91B5C000FF38D0 /* FeedView.swift in Sources */ = {isa = PBXBuildFile; fileRef = 16F844B72B91B5C000FF38D0 /* FeedView.swift */; };
		16F844BB2B91B71000FF38D0 /* TweetView.swift in Sources */ = {isa = PBXBuildFile; fileRef = 16F844BA2B91B71000FF38D0 /* TweetView.swift */; };
		16F844C12B91E04100FF38D0 /* TweetEntity.swift in Sources */ = {isa = PBXBuildFile; fileRef = 16F844C02B91E04100FF38D0 /* TweetEntity.swift */; };
		16F844C32B91E3D800FF38D0 /* TweetsResponse.swift in Sources */ = {isa = PBXBuildFile; fileRef = 16F844C22B91E3D800FF38D0 /* TweetsResponse.swift */; };
		16F844C52B91E51E00FF38D0 /* TweetDM.swift in Sources */ = {isa = PBXBuildFile; fileRef = 16F844C42B91E51E00FF38D0 /* TweetDM.swift */; };
		16F844C82B91EED600FF38D0 /* TweetViewModel.swift in Sources */ = {isa = PBXBuildFile; fileRef = 16F844C72B91EED600FF38D0 /* TweetViewModel.swift */; };
		16F844CA2B926A4500FF38D0 /* TweetsRepository.swift in Sources */ = {isa = PBXBuildFile; fileRef = 16F844C92B926A4500FF38D0 /* TweetsRepository.swift */; };
		16F844CC2B9281FA00FF38D0 /* FeedViewModel.swift in Sources */ = {isa = PBXBuildFile; fileRef = 16F844CB2B9281FA00FF38D0 /* FeedViewModel.swift */; };
		16F844CE2B929D6A00FF38D0 /* TweetViewModelMapper.swift in Sources */ = {isa = PBXBuildFile; fileRef = 16F844CD2B929D6A00FF38D0 /* TweetViewModelMapper.swift */; };
		16F844D12B92A5B300FF38D0 /* TweetNetworkToDomainMapper.swift in Sources */ = {isa = PBXBuildFile; fileRef = 16F844D02B92A5B300FF38D0 /* TweetNetworkToDomainMapper.swift */; };
		16F844D42B92A6EA00FF38D0 /* TweetsService.swift in Sources */ = {isa = PBXBuildFile; fileRef = 16F844D32B92A6EA00FF38D0 /* TweetsService.swift */; };
/* End PBXBuildFile section */

/* Begin PBXContainerItemProxy section */
		16F844952B91B2D900FF38D0 /* PBXContainerItemProxy */ = {
			isa = PBXContainerItemProxy;
			containerPortal = 16F8447C2B91B2D700FF38D0 /* Project object */;
			proxyType = 1;
			remoteGlobalIDString = 16F844832B91B2D700FF38D0;
			remoteInfo = OpenTweet;
		};
		16F8449F2B91B2D900FF38D0 /* PBXContainerItemProxy */ = {
			isa = PBXContainerItemProxy;
			containerPortal = 16F8447C2B91B2D700FF38D0 /* Project object */;
			proxyType = 1;
			remoteGlobalIDString = 16F844832B91B2D700FF38D0;
			remoteInfo = OpenTweet;
		};
/* End PBXContainerItemProxy section */

/* Begin PBXFileReference section */
		1624E29B2B92E99D00D73D26 /* TweetDetailView.swift */ = {isa = PBXFileReference; lastKnownFileType = sourcecode.swift; path = TweetDetailView.swift; sourceTree = "<group>"; };
		1624E29D2B9334C200D73D26 /* TweetDetailViewModel.swift */ = {isa = PBXFileReference; lastKnownFileType = sourcecode.swift; path = TweetDetailViewModel.swift; sourceTree = "<group>"; };
		1624E29F2B9337B400D73D26 /* TweetDetailViewModelMapper.swift */ = {isa = PBXFileReference; lastKnownFileType = sourcecode.swift; path = TweetDetailViewModelMapper.swift; sourceTree = "<group>"; };
		1624E2A22B933F3D00D73D26 /* TweetDMMock.swift */ = {isa = PBXFileReference; lastKnownFileType = sourcecode.swift; path = TweetDMMock.swift; sourceTree = "<group>"; };
		1624E2A52B935C5800D73D26 /* AsyncImageView.swift */ = {isa = PBXFileReference; lastKnownFileType = sourcecode.swift; path = AsyncImageView.swift; sourceTree = "<group>"; };
		1624E2AA2B936E2700D73D26 /* ScaledButtonStyle.swift */ = {isa = PBXFileReference; lastKnownFileType = sourcecode.swift; path = ScaledButtonStyle.swift; sourceTree = "<group>"; };
		1624E2AD2B937B4C00D73D26 /* TweetContentText.swift */ = {isa = PBXFileReference; lastKnownFileType = sourcecode.swift; path = TweetContentText.swift; sourceTree = "<group>"; };
		1624E2AF2B937C5B00D73D26 /* TweetContentTextModel.swift */ = {isa = PBXFileReference; lastKnownFileType = sourcecode.swift; path = TweetContentTextModel.swift; sourceTree = "<group>"; };
		1624E2B12B937E7400D73D26 /* TweetContentTextModelMapper.swift */ = {isa = PBXFileReference; lastKnownFileType = sourcecode.swift; path = TweetContentTextModelMapper.swift; sourceTree = "<group>"; };
		16F844842B91B2D700FF38D0 /* OpenTweet.app */ = {isa = PBXFileReference; explicitFileType = wrapper.application; includeInIndex = 0; path = OpenTweet.app; sourceTree = BUILT_PRODUCTS_DIR; };
		16F844872B91B2D700FF38D0 /* OpenTweetApp.swift */ = {isa = PBXFileReference; lastKnownFileType = sourcecode.swift; path = OpenTweetApp.swift; sourceTree = "<group>"; };
		16F8448B2B91B2D900FF38D0 /* Assets.xcassets */ = {isa = PBXFileReference; lastKnownFileType = folder.assetcatalog; path = Assets.xcassets; sourceTree = "<group>"; };
		16F8448E2B91B2D900FF38D0 /* Preview Assets.xcassets */ = {isa = PBXFileReference; lastKnownFileType = folder.assetcatalog; path = "Preview Assets.xcassets"; sourceTree = "<group>"; };
		16F844942B91B2D900FF38D0 /* OpenTweetTests.xctest */ = {isa = PBXFileReference; explicitFileType = wrapper.cfbundle; includeInIndex = 0; path = OpenTweetTests.xctest; sourceTree = BUILT_PRODUCTS_DIR; };
		16F844982B91B2D900FF38D0 /* OpenTweetTests.swift */ = {isa = PBXFileReference; lastKnownFileType = sourcecode.swift; path = OpenTweetTests.swift; sourceTree = "<group>"; };
		16F8449E2B91B2D900FF38D0 /* OpenTweetUITests.xctest */ = {isa = PBXFileReference; explicitFileType = wrapper.cfbundle; includeInIndex = 0; path = OpenTweetUITests.xctest; sourceTree = BUILT_PRODUCTS_DIR; };
		16F844A22B91B2D900FF38D0 /* OpenTweetUITests.swift */ = {isa = PBXFileReference; lastKnownFileType = sourcecode.swift; path = OpenTweetUITests.swift; sourceTree = "<group>"; };
		16F844A42B91B2D900FF38D0 /* OpenTweetUITestsLaunchTests.swift */ = {isa = PBXFileReference; lastKnownFileType = sourcecode.swift; path = OpenTweetUITestsLaunchTests.swift; sourceTree = "<group>"; };
		16F844B22B91B32A00FF38D0 /* timeline.json */ = {isa = PBXFileReference; fileEncoding = 4; lastKnownFileType = text.json; path = timeline.json; sourceTree = "<group>"; };
		16F844B42B91B33100FF38D0 /* README.md */ = {isa = PBXFileReference; fileEncoding = 4; lastKnownFileType = net.daringfireball.markdown; path = README.md; sourceTree = "<group>"; };
		16F844B72B91B5C000FF38D0 /* FeedView.swift */ = {isa = PBXFileReference; lastKnownFileType = sourcecode.swift; path = FeedView.swift; sourceTree = "<group>"; };
		16F844BA2B91B71000FF38D0 /* TweetView.swift */ = {isa = PBXFileReference; lastKnownFileType = sourcecode.swift; path = TweetView.swift; sourceTree = "<group>"; };
		16F844C02B91E04100FF38D0 /* TweetEntity.swift */ = {isa = PBXFileReference; lastKnownFileType = sourcecode.swift; path = TweetEntity.swift; sourceTree = "<group>"; };
		16F844C22B91E3D800FF38D0 /* TweetsResponse.swift */ = {isa = PBXFileReference; lastKnownFileType = sourcecode.swift; path = TweetsResponse.swift; sourceTree = "<group>"; };
		16F844C42B91E51E00FF38D0 /* TweetDM.swift */ = {isa = PBXFileReference; lastKnownFileType = sourcecode.swift; path = TweetDM.swift; sourceTree = "<group>"; };
		16F844C72B91EED600FF38D0 /* TweetViewModel.swift */ = {isa = PBXFileReference; lastKnownFileType = sourcecode.swift; path = TweetViewModel.swift; sourceTree = "<group>"; };
		16F844C92B926A4500FF38D0 /* TweetsRepository.swift */ = {isa = PBXFileReference; lastKnownFileType = sourcecode.swift; path = TweetsRepository.swift; sourceTree = "<group>"; };
		16F844CB2B9281FA00FF38D0 /* FeedViewModel.swift */ = {isa = PBXFileReference; lastKnownFileType = sourcecode.swift; path = FeedViewModel.swift; sourceTree = "<group>"; };
		16F844CD2B929D6A00FF38D0 /* TweetViewModelMapper.swift */ = {isa = PBXFileReference; lastKnownFileType = sourcecode.swift; path = TweetViewModelMapper.swift; sourceTree = "<group>"; };
		16F844D02B92A5B300FF38D0 /* TweetNetworkToDomainMapper.swift */ = {isa = PBXFileReference; lastKnownFileType = sourcecode.swift; path = TweetNetworkToDomainMapper.swift; sourceTree = "<group>"; };
		16F844D32B92A6EA00FF38D0 /* TweetsService.swift */ = {isa = PBXFileReference; lastKnownFileType = sourcecode.swift; path = TweetsService.swift; sourceTree = "<group>"; };
/* End PBXFileReference section */

/* Begin PBXFrameworksBuildPhase section */
		16F844812B91B2D700FF38D0 /* Frameworks */ = {
			isa = PBXFrameworksBuildPhase;
			buildActionMask = 2147483647;
			files = (
			);
			runOnlyForDeploymentPostprocessing = 0;
		};
		16F844912B91B2D900FF38D0 /* Frameworks */ = {
			isa = PBXFrameworksBuildPhase;
			buildActionMask = 2147483647;
			files = (
			);
			runOnlyForDeploymentPostprocessing = 0;
		};
		16F8449B2B91B2D900FF38D0 /* Frameworks */ = {
			isa = PBXFrameworksBuildPhase;
			buildActionMask = 2147483647;
			files = (
			);
			runOnlyForDeploymentPostprocessing = 0;
		};
/* End PBXFrameworksBuildPhase section */

/* Begin PBXGroup section */
		1624E29A2B92E96300D73D26 /* TweetDetail */ = {
			isa = PBXGroup;
			children = (
				1624E29B2B92E99D00D73D26 /* TweetDetailView.swift */,
				1624E29D2B9334C200D73D26 /* TweetDetailViewModel.swift */,
				1624E29F2B9337B400D73D26 /* TweetDetailViewModelMapper.swift */,
			);
			path = TweetDetail;
			sourceTree = "<group>";
		};
		1624E2A12B933F2B00D73D26 /* Mocks */ = {
			isa = PBXGroup;
			children = (
				1624E2A22B933F3D00D73D26 /* TweetDMMock.swift */,
			);
			path = Mocks;
			sourceTree = "<group>";
		};
		1624E2A42B935C4D00D73D26 /* AsyncImage */ = {
			isa = PBXGroup;
			children = (
				1624E2A52B935C5800D73D26 /* AsyncImageView.swift */,
			);
			path = AsyncImage;
			sourceTree = "<group>";
		};
		1624E2A92B936E0F00D73D26 /* ScaledButton */ = {
			isa = PBXGroup;
			children = (
				1624E2AA2B936E2700D73D26 /* ScaledButtonStyle.swift */,
			);
			path = ScaledButton;
			sourceTree = "<group>";
		};
		1624E2AC2B937B4100D73D26 /* TweetContentText */ = {
			isa = PBXGroup;
			children = (
				1624E2AD2B937B4C00D73D26 /* TweetContentText.swift */,
				1624E2AF2B937C5B00D73D26 /* TweetContentTextModel.swift */,
				1624E2B12B937E7400D73D26 /* TweetContentTextModelMapper.swift */,
			);
			path = TweetContentText;
			sourceTree = "<group>";
		};
		16F8447B2B91B2D700FF38D0 = {
			isa = PBXGroup;
			children = (
				16F844862B91B2D700FF38D0 /* OpenTweet */,
				16F844B12B91B30D00FF38D0 /* Data */,
				16F844972B91B2D900FF38D0 /* OpenTweetTests */,
				16F844A12B91B2D900FF38D0 /* OpenTweetUITests */,
				16F844B42B91B33100FF38D0 /* README.md */,
				16F844852B91B2D700FF38D0 /* Products */,
			);
			sourceTree = "<group>";
		};
		16F844852B91B2D700FF38D0 /* Products */ = {
			isa = PBXGroup;
			children = (
				16F844842B91B2D700FF38D0 /* OpenTweet.app */,
				16F844942B91B2D900FF38D0 /* OpenTweetTests.xctest */,
				16F8449E2B91B2D900FF38D0 /* OpenTweetUITests.xctest */,
			);
			name = Products;
			sourceTree = "<group>";
		};
		16F844862B91B2D700FF38D0 /* OpenTweet */ = {
			isa = PBXGroup;
			children = (
				16F844BF2B91E00400FF38D0 /* Model */,
				16F844C62B91E65800FF38D0 /* Repository */,
				16F844D22B92A6DB00FF38D0 /* Services */,
				16F844BC2B91DFE300FF38D0 /* Modules */,
				16F844872B91B2D700FF38D0 /* OpenTweetApp.swift */,
				16F8448B2B91B2D900FF38D0 /* Assets.xcassets */,
				16F8448D2B91B2D900FF38D0 /* Preview Content */,
			);
			path = OpenTweet;
			sourceTree = "<group>";
		};
		16F8448D2B91B2D900FF38D0 /* Preview Content */ = {
			isa = PBXGroup;
			children = (
				16F8448E2B91B2D900FF38D0 /* Preview Assets.xcassets */,
			);
			path = "Preview Content";
			sourceTree = "<group>";
		};
		16F844972B91B2D900FF38D0 /* OpenTweetTests */ = {
			isa = PBXGroup;
			children = (
				16F844982B91B2D900FF38D0 /* OpenTweetTests.swift */,
			);
			path = OpenTweetTests;
			sourceTree = "<group>";
		};
		16F844A12B91B2D900FF38D0 /* OpenTweetUITests */ = {
			isa = PBXGroup;
			children = (
				16F844A22B91B2D900FF38D0 /* OpenTweetUITests.swift */,
				16F844A42B91B2D900FF38D0 /* OpenTweetUITestsLaunchTests.swift */,
			);
			path = OpenTweetUITests;
			sourceTree = "<group>";
		};
		16F844B12B91B30D00FF38D0 /* Data */ = {
			isa = PBXGroup;
			children = (
				16F844B22B91B32A00FF38D0 /* timeline.json */,
			);
			path = Data;
			sourceTree = "<group>";
		};
		16F844B62B91B5B600FF38D0 /* Feed */ = {
			isa = PBXGroup;
			children = (
				16F844B72B91B5C000FF38D0 /* FeedView.swift */,
				16F844CB2B9281FA00FF38D0 /* FeedViewModel.swift */,
			);
			path = Feed;
			sourceTree = "<group>";
		};
		16F844B92B91B70700FF38D0 /* Tweet */ = {
			isa = PBXGroup;
			children = (
				16F844BA2B91B71000FF38D0 /* TweetView.swift */,
				16F844C72B91EED600FF38D0 /* TweetViewModel.swift */,
				16F844CD2B929D6A00FF38D0 /* TweetViewModelMapper.swift */,
			);
			path = Tweet;
			sourceTree = "<group>";
		};
		16F844BC2B91DFE300FF38D0 /* Modules */ = {
			isa = PBXGroup;
			children = (
				1624E2AC2B937B4100D73D26 /* TweetContentText */,
				1624E2A92B936E0F00D73D26 /* ScaledButton */,
				1624E2A42B935C4D00D73D26 /* AsyncImage */,
				1624E29A2B92E96300D73D26 /* TweetDetail */,
				16F844B92B91B70700FF38D0 /* Tweet */,
				16F844B62B91B5B600FF38D0 /* Feed */,
			);
			path = Modules;
			sourceTree = "<group>";
		};
		16F844BD2B91DFEB00FF38D0 /* DomainModel */ = {
			isa = PBXGroup;
			children = (
				16F844C42B91E51E00FF38D0 /* TweetDM.swift */,
			);
			path = DomainModel;
			sourceTree = "<group>";
		};
		16F844BE2B91DFF900FF38D0 /* NetworkEntity */ = {
			isa = PBXGroup;
			children = (
				16F844C02B91E04100FF38D0 /* TweetEntity.swift */,
				16F844C22B91E3D800FF38D0 /* TweetsResponse.swift */,
			);
			path = NetworkEntity;
			sourceTree = "<group>";
		};
		16F844BF2B91E00400FF38D0 /* Model */ = {
			isa = PBXGroup;
			children = (
				16F844BE2B91DFF900FF38D0 /* NetworkEntity */,
				16F844BD2B91DFEB00FF38D0 /* DomainModel */,
				1624E2A12B933F2B00D73D26 /* Mocks */,
				16F844CF2B92A59400FF38D0 /* Mapper */,
			);
			path = Model;
			sourceTree = "<group>";
		};
		16F844C62B91E65800FF38D0 /* Repository */ = {
			isa = PBXGroup;
			children = (
				16F844C92B926A4500FF38D0 /* TweetsRepository.swift */,
			);
			path = Repository;
			sourceTree = "<group>";
		};
		16F844CF2B92A59400FF38D0 /* Mapper */ = {
			isa = PBXGroup;
			children = (
				16F844D02B92A5B300FF38D0 /* TweetNetworkToDomainMapper.swift */,
			);
			path = Mapper;
			sourceTree = "<group>";
		};
		16F844D22B92A6DB00FF38D0 /* Services */ = {
			isa = PBXGroup;
			children = (
				16F844D32B92A6EA00FF38D0 /* TweetsService.swift */,
			);
			path = Services;
			sourceTree = "<group>";
		};
/* End PBXGroup section */

/* Begin PBXNativeTarget section */
		16F844832B91B2D700FF38D0 /* OpenTweet */ = {
			isa = PBXNativeTarget;
			buildConfigurationList = 16F844A82B91B2D900FF38D0 /* Build configuration list for PBXNativeTarget "OpenTweet" */;
			buildPhases = (
				16F844802B91B2D700FF38D0 /* Sources */,
				16F844812B91B2D700FF38D0 /* Frameworks */,
				16F844822B91B2D700FF38D0 /* Resources */,
			);
			buildRules = (
			);
			dependencies = (
			);
			name = OpenTweet;
			productName = OpenTweet;
			productReference = 16F844842B91B2D700FF38D0 /* OpenTweet.app */;
			productType = "com.apple.product-type.application";
		};
		16F844932B91B2D900FF38D0 /* OpenTweetTests */ = {
			isa = PBXNativeTarget;
			buildConfigurationList = 16F844AB2B91B2D900FF38D0 /* Build configuration list for PBXNativeTarget "OpenTweetTests" */;
			buildPhases = (
				16F844902B91B2D900FF38D0 /* Sources */,
				16F844912B91B2D900FF38D0 /* Frameworks */,
				16F844922B91B2D900FF38D0 /* Resources */,
			);
			buildRules = (
			);
			dependencies = (
				16F844962B91B2D900FF38D0 /* PBXTargetDependency */,
			);
			name = OpenTweetTests;
			productName = OpenTweetTests;
			productReference = 16F844942B91B2D900FF38D0 /* OpenTweetTests.xctest */;
			productType = "com.apple.product-type.bundle.unit-test";
		};
		16F8449D2B91B2D900FF38D0 /* OpenTweetUITests */ = {
			isa = PBXNativeTarget;
			buildConfigurationList = 16F844AE2B91B2D900FF38D0 /* Build configuration list for PBXNativeTarget "OpenTweetUITests" */;
			buildPhases = (
				16F8449A2B91B2D900FF38D0 /* Sources */,
				16F8449B2B91B2D900FF38D0 /* Frameworks */,
				16F8449C2B91B2D900FF38D0 /* Resources */,
			);
			buildRules = (
			);
			dependencies = (
				16F844A02B91B2D900FF38D0 /* PBXTargetDependency */,
			);
			name = OpenTweetUITests;
			productName = OpenTweetUITests;
			productReference = 16F8449E2B91B2D900FF38D0 /* OpenTweetUITests.xctest */;
			productType = "com.apple.product-type.bundle.ui-testing";
		};
/* End PBXNativeTarget section */

/* Begin PBXProject section */
		16F8447C2B91B2D700FF38D0 /* Project object */ = {
			isa = PBXProject;
			attributes = {
				BuildIndependentTargetsInParallel = 1;
				LastSwiftUpdateCheck = 1520;
				LastUpgradeCheck = 1520;
				TargetAttributes = {
					16F844832B91B2D700FF38D0 = {
						CreatedOnToolsVersion = 15.2;
					};
					16F844932B91B2D900FF38D0 = {
						CreatedOnToolsVersion = 15.2;
						TestTargetID = 16F844832B91B2D700FF38D0;
					};
					16F8449D2B91B2D900FF38D0 = {
						CreatedOnToolsVersion = 15.2;
						TestTargetID = 16F844832B91B2D700FF38D0;
					};
				};
			};
			buildConfigurationList = 16F8447F2B91B2D700FF38D0 /* Build configuration list for PBXProject "OpenTweet" */;
			compatibilityVersion = "Xcode 14.0";
			developmentRegion = en;
			hasScannedForEncodings = 0;
			knownRegions = (
				en,
				Base,
			);
			mainGroup = 16F8447B2B91B2D700FF38D0;
			productRefGroup = 16F844852B91B2D700FF38D0 /* Products */;
			projectDirPath = "";
			projectRoot = "";
			targets = (
				16F844832B91B2D700FF38D0 /* OpenTweet */,
				16F844932B91B2D900FF38D0 /* OpenTweetTests */,
				16F8449D2B91B2D900FF38D0 /* OpenTweetUITests */,
			);
		};
/* End PBXProject section */

/* Begin PBXResourcesBuildPhase section */
		16F844822B91B2D700FF38D0 /* Resources */ = {
			isa = PBXResourcesBuildPhase;
			buildActionMask = 2147483647;
			files = (
				16F844B32B91B32A00FF38D0 /* timeline.json in Resources */,
				16F8448F2B91B2D900FF38D0 /* Preview Assets.xcassets in Resources */,
				16F844B52B91B33100FF38D0 /* README.md in Resources */,
				16F8448C2B91B2D900FF38D0 /* Assets.xcassets in Resources */,
			);
			runOnlyForDeploymentPostprocessing = 0;
		};
		16F844922B91B2D900FF38D0 /* Resources */ = {
			isa = PBXResourcesBuildPhase;
			buildActionMask = 2147483647;
			files = (
			);
			runOnlyForDeploymentPostprocessing = 0;
		};
		16F8449C2B91B2D900FF38D0 /* Resources */ = {
			isa = PBXResourcesBuildPhase;
			buildActionMask = 2147483647;
			files = (
			);
			runOnlyForDeploymentPostprocessing = 0;
		};
/* End PBXResourcesBuildPhase section */

/* Begin PBXSourcesBuildPhase section */
		16F844802B91B2D700FF38D0 /* Sources */ = {
			isa = PBXSourcesBuildPhase;
			buildActionMask = 2147483647;
			files = (
				1624E2A32B933F3D00D73D26 /* TweetDMMock.swift in Sources */,
				1624E2AB2B936E2700D73D26 /* ScaledButtonStyle.swift in Sources */,
				16F844B82B91B5C000FF38D0 /* FeedView.swift in Sources */,
				16F844C82B91EED600FF38D0 /* TweetViewModel.swift in Sources */,
				1624E2B02B937C5B00D73D26 /* TweetContentTextModel.swift in Sources */,
				16F844BB2B91B71000FF38D0 /* TweetView.swift in Sources */,
				16F844D42B92A6EA00FF38D0 /* TweetsService.swift in Sources */,
				16F844D12B92A5B300FF38D0 /* TweetNetworkToDomainMapper.swift in Sources */,
				16F844C32B91E3D800FF38D0 /* TweetsResponse.swift in Sources */,
				16F844C52B91E51E00FF38D0 /* TweetDM.swift in Sources */,
				16F844CE2B929D6A00FF38D0 /* TweetViewModelMapper.swift in Sources */,
				1624E2A02B9337B400D73D26 /* TweetDetailViewModelMapper.swift in Sources */,
				1624E29C2B92E99D00D73D26 /* TweetDetailView.swift in Sources */,
				16F844CA2B926A4500FF38D0 /* TweetsRepository.swift in Sources */,
				16F844882B91B2D700FF38D0 /* OpenTweetApp.swift in Sources */,
				1624E2A62B935C5800D73D26 /* AsyncImageView.swift in Sources */,
				1624E2B22B937E7400D73D26 /* TweetContentTextModelMapper.swift in Sources */,
				1624E29E2B9334C200D73D26 /* TweetDetailViewModel.swift in Sources */,
				1624E2AE2B937B4C00D73D26 /* TweetContentText.swift in Sources */,
				16F844C12B91E04100FF38D0 /* TweetEntity.swift in Sources */,
				16F844CC2B9281FA00FF38D0 /* FeedViewModel.swift in Sources */,
			);
			runOnlyForDeploymentPostprocessing = 0;
		};
		16F844902B91B2D900FF38D0 /* Sources */ = {
			isa = PBXSourcesBuildPhase;
			buildActionMask = 2147483647;
			files = (
				16F844992B91B2D900FF38D0 /* OpenTweetTests.swift in Sources */,
			);
			runOnlyForDeploymentPostprocessing = 0;
		};
		16F8449A2B91B2D900FF38D0 /* Sources */ = {
			isa = PBXSourcesBuildPhase;
			buildActionMask = 2147483647;
			files = (
				16F844A52B91B2D900FF38D0 /* OpenTweetUITestsLaunchTests.swift in Sources */,
				16F844A32B91B2D900FF38D0 /* OpenTweetUITests.swift in Sources */,
			);
			runOnlyForDeploymentPostprocessing = 0;
		};
/* End PBXSourcesBuildPhase section */

/* Begin PBXTargetDependency section */
		16F844962B91B2D900FF38D0 /* PBXTargetDependency */ = {
			isa = PBXTargetDependency;
			target = 16F844832B91B2D700FF38D0 /* OpenTweet */;
			targetProxy = 16F844952B91B2D900FF38D0 /* PBXContainerItemProxy */;
		};
		16F844A02B91B2D900FF38D0 /* PBXTargetDependency */ = {
			isa = PBXTargetDependency;
			target = 16F844832B91B2D700FF38D0 /* OpenTweet */;
			targetProxy = 16F8449F2B91B2D900FF38D0 /* PBXContainerItemProxy */;
		};
/* End PBXTargetDependency section */

/* Begin XCBuildConfiguration section */
		16F844A62B91B2D900FF38D0 /* Debug */ = {
			isa = XCBuildConfiguration;
			buildSettings = {
				ALWAYS_SEARCH_USER_PATHS = NO;
				ASSETCATALOG_COMPILER_GENERATE_SWIFT_ASSET_SYMBOL_EXTENSIONS = YES;
				CLANG_ANALYZER_NONNULL = YES;
				CLANG_ANALYZER_NUMBER_OBJECT_CONVERSION = YES_AGGRESSIVE;
				CLANG_CXX_LANGUAGE_STANDARD = "gnu++20";
				CLANG_ENABLE_MODULES = YES;
				CLANG_ENABLE_OBJC_ARC = YES;
				CLANG_ENABLE_OBJC_WEAK = YES;
				CLANG_WARN_BLOCK_CAPTURE_AUTORELEASING = YES;
				CLANG_WARN_BOOL_CONVERSION = YES;
				CLANG_WARN_COMMA = YES;
				CLANG_WARN_CONSTANT_CONVERSION = YES;
				CLANG_WARN_DEPRECATED_OBJC_IMPLEMENTATIONS = YES;
				CLANG_WARN_DIRECT_OBJC_ISA_USAGE = YES_ERROR;
				CLANG_WARN_DOCUMENTATION_COMMENTS = YES;
				CLANG_WARN_EMPTY_BODY = YES;
				CLANG_WARN_ENUM_CONVERSION = YES;
				CLANG_WARN_INFINITE_RECURSION = YES;
				CLANG_WARN_INT_CONVERSION = YES;
				CLANG_WARN_NON_LITERAL_NULL_CONVERSION = YES;
				CLANG_WARN_OBJC_IMPLICIT_RETAIN_SELF = YES;
				CLANG_WARN_OBJC_LITERAL_CONVERSION = YES;
				CLANG_WARN_OBJC_ROOT_CLASS = YES_ERROR;
				CLANG_WARN_QUOTED_INCLUDE_IN_FRAMEWORK_HEADER = YES;
				CLANG_WARN_RANGE_LOOP_ANALYSIS = YES;
				CLANG_WARN_STRICT_PROTOTYPES = YES;
				CLANG_WARN_SUSPICIOUS_MOVE = YES;
				CLANG_WARN_UNGUARDED_AVAILABILITY = YES_AGGRESSIVE;
				CLANG_WARN_UNREACHABLE_CODE = YES;
				CLANG_WARN__DUPLICATE_METHOD_MATCH = YES;
				COPY_PHASE_STRIP = NO;
				DEBUG_INFORMATION_FORMAT = dwarf;
				ENABLE_STRICT_OBJC_MSGSEND = YES;
				ENABLE_TESTABILITY = YES;
				ENABLE_USER_SCRIPT_SANDBOXING = YES;
				GCC_C_LANGUAGE_STANDARD = gnu17;
				GCC_DYNAMIC_NO_PIC = NO;
				GCC_NO_COMMON_BLOCKS = YES;
				GCC_OPTIMIZATION_LEVEL = 0;
				GCC_PREPROCESSOR_DEFINITIONS = (
					"DEBUG=1",
					"$(inherited)",
				);
				GCC_WARN_64_TO_32_BIT_CONVERSION = YES;
				GCC_WARN_ABOUT_RETURN_TYPE = YES_ERROR;
				GCC_WARN_UNDECLARED_SELECTOR = YES;
				GCC_WARN_UNINITIALIZED_AUTOS = YES_AGGRESSIVE;
				GCC_WARN_UNUSED_FUNCTION = YES;
				GCC_WARN_UNUSED_VARIABLE = YES;
				IPHONEOS_DEPLOYMENT_TARGET = 17.2;
				LOCALIZATION_PREFERS_STRING_CATALOGS = YES;
				MTL_ENABLE_DEBUG_INFO = INCLUDE_SOURCE;
				MTL_FAST_MATH = YES;
				ONLY_ACTIVE_ARCH = YES;
				SDKROOT = iphoneos;
				SWIFT_ACTIVE_COMPILATION_CONDITIONS = "DEBUG $(inherited)";
				SWIFT_OPTIMIZATION_LEVEL = "-Onone";
			};
			name = Debug;
		};
		16F844A72B91B2D900FF38D0 /* Release */ = {
			isa = XCBuildConfiguration;
			buildSettings = {
				ALWAYS_SEARCH_USER_PATHS = NO;
				ASSETCATALOG_COMPILER_GENERATE_SWIFT_ASSET_SYMBOL_EXTENSIONS = YES;
				CLANG_ANALYZER_NONNULL = YES;
				CLANG_ANALYZER_NUMBER_OBJECT_CONVERSION = YES_AGGRESSIVE;
				CLANG_CXX_LANGUAGE_STANDARD = "gnu++20";
				CLANG_ENABLE_MODULES = YES;
				CLANG_ENABLE_OBJC_ARC = YES;
				CLANG_ENABLE_OBJC_WEAK = YES;
				CLANG_WARN_BLOCK_CAPTURE_AUTORELEASING = YES;
				CLANG_WARN_BOOL_CONVERSION = YES;
				CLANG_WARN_COMMA = YES;
				CLANG_WARN_CONSTANT_CONVERSION = YES;
				CLANG_WARN_DEPRECATED_OBJC_IMPLEMENTATIONS = YES;
				CLANG_WARN_DIRECT_OBJC_ISA_USAGE = YES_ERROR;
				CLANG_WARN_DOCUMENTATION_COMMENTS = YES;
				CLANG_WARN_EMPTY_BODY = YES;
				CLANG_WARN_ENUM_CONVERSION = YES;
				CLANG_WARN_INFINITE_RECURSION = YES;
				CLANG_WARN_INT_CONVERSION = YES;
				CLANG_WARN_NON_LITERAL_NULL_CONVERSION = YES;
				CLANG_WARN_OBJC_IMPLICIT_RETAIN_SELF = YES;
				CLANG_WARN_OBJC_LITERAL_CONVERSION = YES;
				CLANG_WARN_OBJC_ROOT_CLASS = YES_ERROR;
				CLANG_WARN_QUOTED_INCLUDE_IN_FRAMEWORK_HEADER = YES;
				CLANG_WARN_RANGE_LOOP_ANALYSIS = YES;
				CLANG_WARN_STRICT_PROTOTYPES = YES;
				CLANG_WARN_SUSPICIOUS_MOVE = YES;
				CLANG_WARN_UNGUARDED_AVAILABILITY = YES_AGGRESSIVE;
				CLANG_WARN_UNREACHABLE_CODE = YES;
				CLANG_WARN__DUPLICATE_METHOD_MATCH = YES;
				COPY_PHASE_STRIP = NO;
				DEBUG_INFORMATION_FORMAT = "dwarf-with-dsym";
				ENABLE_NS_ASSERTIONS = NO;
				ENABLE_STRICT_OBJC_MSGSEND = YES;
				ENABLE_USER_SCRIPT_SANDBOXING = YES;
				GCC_C_LANGUAGE_STANDARD = gnu17;
				GCC_NO_COMMON_BLOCKS = YES;
				GCC_WARN_64_TO_32_BIT_CONVERSION = YES;
				GCC_WARN_ABOUT_RETURN_TYPE = YES_ERROR;
				GCC_WARN_UNDECLARED_SELECTOR = YES;
				GCC_WARN_UNINITIALIZED_AUTOS = YES_AGGRESSIVE;
				GCC_WARN_UNUSED_FUNCTION = YES;
				GCC_WARN_UNUSED_VARIABLE = YES;
				IPHONEOS_DEPLOYMENT_TARGET = 17.2;
				LOCALIZATION_PREFERS_STRING_CATALOGS = YES;
				MTL_ENABLE_DEBUG_INFO = NO;
				MTL_FAST_MATH = YES;
				SDKROOT = iphoneos;
				SWIFT_COMPILATION_MODE = wholemodule;
				VALIDATE_PRODUCT = YES;
			};
			name = Release;
		};
		16F844A92B91B2D900FF38D0 /* Debug */ = {
			isa = XCBuildConfiguration;
			buildSettings = {
				ASSETCATALOG_COMPILER_APPICON_NAME = AppIcon;
				ASSETCATALOG_COMPILER_GLOBAL_ACCENT_COLOR_NAME = AccentColor;
				CODE_SIGN_STYLE = Automatic;
				CURRENT_PROJECT_VERSION = 1;
				DEVELOPMENT_ASSET_PATHS = "\"OpenTweet/Preview Content\"";
				DEVELOPMENT_TEAM = 2W9LPF538W;
				ENABLE_PREVIEWS = YES;
				GENERATE_INFOPLIST_FILE = YES;
				INFOPLIST_KEY_UIApplicationSceneManifest_Generation = YES;
				INFOPLIST_KEY_UIApplicationSupportsIndirectInputEvents = YES;
				INFOPLIST_KEY_UILaunchScreen_Generation = YES;
				INFOPLIST_KEY_UISupportedInterfaceOrientations_iPad = "UIInterfaceOrientationPortrait UIInterfaceOrientationPortraitUpsideDown UIInterfaceOrientationLandscapeLeft UIInterfaceOrientationLandscapeRight";
				INFOPLIST_KEY_UISupportedInterfaceOrientations_iPhone = "UIInterfaceOrientationPortrait UIInterfaceOrientationLandscapeLeft UIInterfaceOrientationLandscapeRight";
				LD_RUNPATH_SEARCH_PATHS = (
					"$(inherited)",
					"@executable_path/Frameworks",
				);
				MARKETING_VERSION = 1.0;
				PRODUCT_BUNDLE_IDENTIFIER = com.trevis.OpenTweet;
				PRODUCT_NAME = "$(TARGET_NAME)";
				SWIFT_EMIT_LOC_STRINGS = YES;
				SWIFT_VERSION = 5.0;
				TARGETED_DEVICE_FAMILY = "1,2";
			};
			name = Debug;
		};
		16F844AA2B91B2D900FF38D0 /* Release */ = {
			isa = XCBuildConfiguration;
			buildSettings = {
				ASSETCATALOG_COMPILER_APPICON_NAME = AppIcon;
				ASSETCATALOG_COMPILER_GLOBAL_ACCENT_COLOR_NAME = AccentColor;
				CODE_SIGN_STYLE = Automatic;
				CURRENT_PROJECT_VERSION = 1;
				DEVELOPMENT_ASSET_PATHS = "\"OpenTweet/Preview Content\"";
				DEVELOPMENT_TEAM = 2W9LPF538W;
				ENABLE_PREVIEWS = YES;
				GENERATE_INFOPLIST_FILE = YES;
				INFOPLIST_KEY_UIApplicationSceneManifest_Generation = YES;
				INFOPLIST_KEY_UIApplicationSupportsIndirectInputEvents = YES;
				INFOPLIST_KEY_UILaunchScreen_Generation = YES;
				INFOPLIST_KEY_UISupportedInterfaceOrientations_iPad = "UIInterfaceOrientationPortrait UIInterfaceOrientationPortraitUpsideDown UIInterfaceOrientationLandscapeLeft UIInterfaceOrientationLandscapeRight";
				INFOPLIST_KEY_UISupportedInterfaceOrientations_iPhone = "UIInterfaceOrientationPortrait UIInterfaceOrientationLandscapeLeft UIInterfaceOrientationLandscapeRight";
				LD_RUNPATH_SEARCH_PATHS = (
					"$(inherited)",
					"@executable_path/Frameworks",
				);
				MARKETING_VERSION = 1.0;
				PRODUCT_BUNDLE_IDENTIFIER = com.trevis.OpenTweet;
				PRODUCT_NAME = "$(TARGET_NAME)";
				SWIFT_EMIT_LOC_STRINGS = YES;
				SWIFT_VERSION = 5.0;
				TARGETED_DEVICE_FAMILY = "1,2";
			};
			name = Release;
		};
		16F844AC2B91B2D900FF38D0 /* Debug */ = {
			isa = XCBuildConfiguration;
			buildSettings = {
				ALWAYS_EMBED_SWIFT_STANDARD_LIBRARIES = YES;
				BUNDLE_LOADER = "$(TEST_HOST)";
				CODE_SIGN_STYLE = Automatic;
				CURRENT_PROJECT_VERSION = 1;
				DEVELOPMENT_TEAM = 2W9LPF538W;
				GENERATE_INFOPLIST_FILE = YES;
				IPHONEOS_DEPLOYMENT_TARGET = 17.2;
				MARKETING_VERSION = 1.0;
				PRODUCT_BUNDLE_IDENTIFIER = com.trevis.OpenTweetTests;
				PRODUCT_NAME = "$(TARGET_NAME)";
				SWIFT_EMIT_LOC_STRINGS = NO;
				SWIFT_VERSION = 5.0;
				TARGETED_DEVICE_FAMILY = "1,2";
				TEST_HOST = "$(BUILT_PRODUCTS_DIR)/OpenTweet.app/$(BUNDLE_EXECUTABLE_FOLDER_PATH)/OpenTweet";
			};
			name = Debug;
		};
		16F844AD2B91B2D900FF38D0 /* Release */ = {
			isa = XCBuildConfiguration;
			buildSettings = {
				ALWAYS_EMBED_SWIFT_STANDARD_LIBRARIES = YES;
				BUNDLE_LOADER = "$(TEST_HOST)";
				CODE_SIGN_STYLE = Automatic;
				CURRENT_PROJECT_VERSION = 1;
				DEVELOPMENT_TEAM = 2W9LPF538W;
				GENERATE_INFOPLIST_FILE = YES;
				IPHONEOS_DEPLOYMENT_TARGET = 17.2;
				MARKETING_VERSION = 1.0;
				PRODUCT_BUNDLE_IDENTIFIER = com.trevis.OpenTweetTests;
				PRODUCT_NAME = "$(TARGET_NAME)";
				SWIFT_EMIT_LOC_STRINGS = NO;
				SWIFT_VERSION = 5.0;
				TARGETED_DEVICE_FAMILY = "1,2";
				TEST_HOST = "$(BUILT_PRODUCTS_DIR)/OpenTweet.app/$(BUNDLE_EXECUTABLE_FOLDER_PATH)/OpenTweet";
			};
			name = Release;
		};
		16F844AF2B91B2D900FF38D0 /* Debug */ = {
			isa = XCBuildConfiguration;
			buildSettings = {
				ALWAYS_EMBED_SWIFT_STANDARD_LIBRARIES = YES;
				CODE_SIGN_STYLE = Automatic;
				CURRENT_PROJECT_VERSION = 1;
				DEVELOPMENT_TEAM = 2W9LPF538W;
				GENERATE_INFOPLIST_FILE = YES;
				MARKETING_VERSION = 1.0;
				PRODUCT_BUNDLE_IDENTIFIER = com.trevis.OpenTweetUITests;
				PRODUCT_NAME = "$(TARGET_NAME)";
				SWIFT_EMIT_LOC_STRINGS = NO;
				SWIFT_VERSION = 5.0;
				TARGETED_DEVICE_FAMILY = "1,2";
				TEST_TARGET_NAME = OpenTweet;
			};
			name = Debug;
		};
		16F844B02B91B2D900FF38D0 /* Release */ = {
			isa = XCBuildConfiguration;
			buildSettings = {
				ALWAYS_EMBED_SWIFT_STANDARD_LIBRARIES = YES;
				CODE_SIGN_STYLE = Automatic;
				CURRENT_PROJECT_VERSION = 1;
				DEVELOPMENT_TEAM = 2W9LPF538W;
				GENERATE_INFOPLIST_FILE = YES;
				MARKETING_VERSION = 1.0;
				PRODUCT_BUNDLE_IDENTIFIER = com.trevis.OpenTweetUITests;
				PRODUCT_NAME = "$(TARGET_NAME)";
				SWIFT_EMIT_LOC_STRINGS = NO;
				SWIFT_VERSION = 5.0;
				TARGETED_DEVICE_FAMILY = "1,2";
				TEST_TARGET_NAME = OpenTweet;
			};
			name = Release;
		};
/* End XCBuildConfiguration section */

/* Begin XCConfigurationList section */
		16F8447F2B91B2D700FF38D0 /* Build configuration list for PBXProject "OpenTweet" */ = {
			isa = XCConfigurationList;
			buildConfigurations = (
				16F844A62B91B2D900FF38D0 /* Debug */,
				16F844A72B91B2D900FF38D0 /* Release */,
			);
			defaultConfigurationIsVisible = 0;
			defaultConfigurationName = Release;
		};
		16F844A82B91B2D900FF38D0 /* Build configuration list for PBXNativeTarget "OpenTweet" */ = {
			isa = XCConfigurationList;
			buildConfigurations = (
				16F844A92B91B2D900FF38D0 /* Debug */,
				16F844AA2B91B2D900FF38D0 /* Release */,
			);
			defaultConfigurationIsVisible = 0;
			defaultConfigurationName = Release;
		};
		16F844AB2B91B2D900FF38D0 /* Build configuration list for PBXNativeTarget "OpenTweetTests" */ = {
			isa = XCConfigurationList;
			buildConfigurations = (
				16F844AC2B91B2D900FF38D0 /* Debug */,
				16F844AD2B91B2D900FF38D0 /* Release */,
			);
			defaultConfigurationIsVisible = 0;
			defaultConfigurationName = Release;
		};
		16F844AE2B91B2D900FF38D0 /* Build configuration list for PBXNativeTarget "OpenTweetUITests" */ = {
			isa = XCConfigurationList;
			buildConfigurations = (
				16F844AF2B91B2D900FF38D0 /* Debug */,
				16F844B02B91B2D900FF38D0 /* Release */,
			);
			defaultConfigurationIsVisible = 0;
			defaultConfigurationName = Release;
		};
/* End XCConfigurationList section */
	};
	rootObject = 16F8447C2B91B2D700FF38D0 /* Project object */;
}
